
Microsoft Visual Studio Solution File, Format Version 12.00
# Visual Studio Version 17
VisualStudioVersion = 17.5.33424.131
MinimumVisualStudioVersion = 10.0.40219.1
Project("{8BC9CEB8-8B4A-11D0-8D11-00A0C91BC942}") = "ParadigmaOOP", "ParadigmaOOP\ParadigmaOOP.vcxproj", "{3EBB1CF1-08D2-4E6A-8AF5-D0B3C15BDA23}"
EndProject
Project("{8BC9CEB8-8B4A-11D0-8D11-00A0C91BC942}") = "Asosiasi", "Asosiasi\Asosiasi.vcxproj", "{99A55E2B-91BE-4279-84AA-4E8105AC3703}"
EndProject
Project("{8BC9CEB8-8B4A-11D0-8D11-00A0C91BC942}") = "mainIA", "mainIA\mainIA.vcxproj", "{3FE57F51-1F4B-41EF-9A70-92A3CCCCE8BF}"
EndProject
Project("{8BC9CEB8-8B4A-11D0-8D11-00A0C91BC942}") = "mainJM", "mainJM\mainJM.vcxproj", "{BBBC6CA8-0210-4B58-8A8E-1E5F7790A144}"
EndProject
Global
	GlobalSection(SolutionConfigurationPlatforms) = preSolution
		Debug|x64 = Debug|x64
		Debug|x86 = Debug|x86
		Release|x64 = Release|x64
		Release|x86 = Release|x86
	EndGlobalSection
	GlobalSection(ProjectConfigurationPlatforms) = postSolution
		{3EBB1CF1-08D2-4E6A-8AF5-D0B3C15BDA23}.Debug|x64.ActiveCfg = Debug|x64
		{3EBB1CF1-08D2-4E6A-8AF5-D0B3C15BDA23}.Debug|x64.Build.0 = Debug|x64
		{3EBB1CF1-08D2-4E6A-8AF5-D0B3C15BDA23}.Debug|x86.ActiveCfg = Debug|Win32
		{3EBB1CF1-08D2-4E6A-8AF5-D0B3C15BDA23}.Debug|x86.Build.0 = Debug|Win32
		{3EBB1CF1-08D2-4E6A-8AF5-D0B3C15BDA23}.Release|x64.ActiveCfg = Release|x64
		{3EBB1CF1-08D2-4E6A-8AF5-D0B3C15BDA23}.Release|x64.Build.0 = Release|x64
		{3EBB1CF1-08D2-4E6A-8AF5-D0B3C15BDA23}.Release|x86.ActiveCfg = Release|Win32
		{3EBB1CF1-08D2-4E6A-8AF5-D0B3C15BDA23}.Release|x86.Build.0 = Release|Win32
		{99A55E2B-91BE-4279-84AA-4E8105AC3703}.Debug|x64.ActiveCfg = Debug|x64
		{99A55E2B-91BE-4279-84AA-4E8105AC3703}.Debug|x64.Build.0 = Debug|x64
		{99A55E2B-91BE-4279-84AA-4E8105AC3703}.Debug|x86.ActiveCfg = Debug|Win32
		{99A55E2B-91BE-4279-84AA-4E8105AC3703}.Debug|x86.Build.0 = Debug|Win32
		{99A55E2B-91BE-4279-84AA-4E8105AC3703}.Release|x64.ActiveCfg = Release|x64
		{99A55E2B-91BE-4279-84AA-4E8105AC3703}.Release|x64.Build.0 = Release|x64
		{99A55E2B-91BE-4279-84AA-4E8105AC3703}.Release|x86.ActiveCfg = Release|Win32
		{99A55E2B-91BE-4279-84AA-4E8105AC3703}.Release|x86.Build.0 = Release|Win32
		{3FE57F51-1F4B-41EF-9A70-92A3CCCCE8BF}.Debug|x64.ActiveCfg = Debug|x64
		{3FE57F51-1F4B-41EF-9A70-92A3CCCCE8BF}.Debug|x64.Build.0 = Debug|x64
		{3FE57F51-1F4B-41EF-9A70-92A3CCCCE8BF}.Debug|x86.ActiveCfg = Debug|Win32
		{3FE57F51-1F4B-41EF-9A70-92A3CCCCE8BF}.Debug|x86.Build.0 = Debug|Win32
		{3FE57F51-1F4B-41EF-9A70-92A3CCCCE8BF}.Release|x64.ActiveCfg = Release|x64
		{3FE57F51-1F4B-41EF-9A70-92A3CCCCE8BF}.Release|x64.Build.0 = Release|x64
		{3FE57F51-1F4B-41EF-9A70-92A3CCCCE8BF}.Release|x86.ActiveCfg = Release|Win32
		{3FE57F51-1F4B-41EF-9A70-92A3CCCCE8BF}.Release|x86.Build.0 = Release|Win32
		{BBBC6CA8-0210-4B58-8A8E-1E5F7790A144}.Debug|x64.ActiveCfg = Debug|x64
		{BBBC6CA8-0210-4B58-8A8E-1E5F7790A144}.Debug|x64.Build.0 = Debug|x64
		{BBBC6CA8-0210-4B58-8A8E-1E5F7790A144}.Debug|x86.ActiveCfg = Debug|Win32
		{BBBC6CA8-0210-4B58-8A8E-1E5F7790A144}.Debug|x86.Build.0 = Debug|Win32
		{BBBC6CA8-0210-4B58-8A8E-1E5F7790A144}.Release|x64.ActiveCfg = Release|x64
		{BBBC6CA8-0210-4B58-8A8E-1E5F7790A144}.Release|x64.Build.0 = Release|x64
		{BBBC6CA8-0210-4B58-8A8E-1E5F7790A144}.Release|x86.ActiveCfg = Release|Win32
		{BBBC6CA8-0210-4B58-8A8E-1E5F7790A144}.Release|x86.Build.0 = Release|Win32
	EndGlobalSection
	GlobalSection(SolutionProperties) = preSolution
		HideSolutionNode = FALSE
	EndGlobalSection
	GlobalSection(ExtensibilityGlobals) = postSolution
		SolutionGuid = {E1B16969-3DF8-4626-AAE0-45EE218D9F1B}
	EndGlobalSection
EndGlobal
